// !$*UTF8*$!
{
	archiveVersion = 1;
	classes = {
	};
	objectVersion = 56;
	objects = {

/* Begin PBXBuildFile section */
		06D19BDA2ACF3C6A00B770E1 /* PeliculotasSwiftUICoreDataApp.swift in Sources */ = {isa = PBXBuildFile; fileRef = 06D19BD92ACF3C6A00B770E1 /* PeliculotasSwiftUICoreDataApp.swift */; };
		06D19BDC2ACF3C6A00B770E1 /* ContentView.swift in Sources */ = {isa = PBXBuildFile; fileRef = 06D19BDB2ACF3C6A00B770E1 /* ContentView.swift */; };
		06D19BDE2ACF3C6D00B770E1 /* Assets.xcassets in Resources */ = {isa = PBXBuildFile; fileRef = 06D19BDD2ACF3C6D00B770E1 /* Assets.xcassets */; };
		06D19BE12ACF3C6D00B770E1 /* Preview Assets.xcassets in Resources */ = {isa = PBXBuildFile; fileRef = 06D19BE02ACF3C6D00B770E1 /* Preview Assets.xcassets */; };
		06D19BE92ACF3CE000B770E1 /* ModeloPeliculotas.xcdatamodeld in Sources */ = {isa = PBXBuildFile; fileRef = 06D19BE72ACF3CDF00B770E1 /* ModeloPeliculotas.xcdatamodeld */; };
		06D19BEB2ACF3EBF00B770E1 /* CoreDataManager.swift in Sources */ = {isa = PBXBuildFile; fileRef = 06D19BEA2ACF3EBF00B770E1 /* CoreDataManager.swift */; };
/* End PBXBuildFile section */

/* Begin PBXFileReference section */
		06D19BD62ACF3C6A00B770E1 /* PeliculotasSwiftUICoreData.app */ = {isa = PBXFileReference; explicitFileType = wrapper.application; includeInIndex = 0; path = PeliculotasSwiftUICoreData.app; sourceTree = BUILT_PRODUCTS_DIR; };
		06D19BD92ACF3C6A00B770E1 /* PeliculotasSwiftUICoreDataApp.swift */ = {isa = PBXFileReference; lastKnownFileType = sourcecode.swift; path = PeliculotasSwiftUICoreDataApp.swift; sourceTree = "<group>"; };
		06D19BDB2ACF3C6A00B770E1 /* ContentView.swift */ = {isa = PBXFileReference; lastKnownFileType = sourcecode.swift; path = ContentView.swift; sourceTree = "<group>"; };
		06D19BDD2ACF3C6D00B770E1 /* Assets.xcassets */ = {isa = PBXFileReference; lastKnownFileType = folder.assetcatalog; path = Assets.xcassets; sourceTree = "<group>"; };
		06D19BE02ACF3C6D00B770E1 /* Preview Assets.xcassets */ = {isa = PBXFileReference; lastKnownFileType = folder.assetcatalog; path = "Preview Assets.xcassets"; sourceTree = "<group>"; };
		06D19BE82ACF3CE000B770E1 /* ModeloPeliculotas.xcdatamodel */ = {isa = PBXFileReference; lastKnownFileType = wrapper.xcdatamodel; path = ModeloPeliculotas.xcdatamodel; sourceTree = "<group>"; };
		06D19BEA2ACF3EBF00B770E1 /* CoreDataManager.swift */ = {isa = PBXFileReference; lastKnownFileType = sourcecode.swift; path = CoreDataManager.swift; sourceTree = "<group>"; };
/* End PBXFileReference section */

/* Begin PBXFrameworksBuildPhase section */
		06D19BD32ACF3C6A00B770E1 /* Frameworks */ = {
			isa = PBXFrameworksBuildPhase;
			buildActionMask = 2147483647;
			files = (
			);
			runOnlyForDeploymentPostprocessing = 0;
		};
/* End PBXFrameworksBuildPhase section */

/* Begin PBXGroup section */
		06D19BCD2ACF3C6A00B770E1 = {
			isa = PBXGroup;
			children = (
				06D19BD82ACF3C6A00B770E1 /* PeliculotasSwiftUICoreData */,
				06D19BD72ACF3C6A00B770E1 /* Products */,
			);
			sourceTree = "<group>";
		};
		06D19BD72ACF3C6A00B770E1 /* Products */ = {
			isa = PBXGroup;
			children = (
				06D19BD62ACF3C6A00B770E1 /* PeliculotasSwiftUICoreData.app */,
			);
			name = Products;
			sourceTree = "<group>";
		};
		06D19BD82ACF3C6A00B770E1 /* PeliculotasSwiftUICoreData */ = {
			isa = PBXGroup;
			children = (
				06D19BD92ACF3C6A00B770E1 /* PeliculotasSwiftUICoreDataApp.swift */,
				06D19BDB2ACF3C6A00B770E1 /* ContentView.swift */,
				06D19BDD2ACF3C6D00B770E1 /* Assets.xcassets */,
				06D19BDF2ACF3C6D00B770E1 /* Preview Content */,
				06D19BE72ACF3CDF00B770E1 /* ModeloPeliculotas.xcdatamodeld */,
				06D19BEA2ACF3EBF00B770E1 /* CoreDataManager.swift */,
			);
			path = PeliculotasSwiftUICoreData;
			sourceTree = "<group>";
		};
		06D19BDF2ACF3C6D00B770E1 /* Preview Content */ = {
			isa = PBXGroup;
			children = (
				06D19BE02ACF3C6D00B770E1 /* Preview Assets.xcassets */,
			);
			path = "Preview Content";
			sourceTree = "<group>";
		};
/* End PBXGroup section */

/* Begin PBXNativeTarget section */
		06D19BD52ACF3C6A00B770E1 /* PeliculotasSwiftUICoreData */ = {
			isa = PBXNativeTarget;
			buildConfigurationList = 06D19BE42ACF3C6D00B770E1 /* Build configuration list for PBXNativeTarget "PeliculotasSwiftUICoreData" */;
			buildPhases = (
				06D19BD22ACF3C6A00B770E1 /* Sources */,
				06D19BD32ACF3C6A00B770E1 /* Frameworks */,
				06D19BD42ACF3C6A00B770E1 /* Resources */,
			);
			buildRules = (
			);
			dependencies = (
			);
			name = PeliculotasSwiftUICoreData;
			productName = PeliculotasSwiftUICoreData;
			productReference = 06D19BD62ACF3C6A00B770E1 /* PeliculotasSwiftUICoreData.app */;
			productType = "com.apple.product-type.application";
		};
/* End PBXNativeTarget section */

/* Begin PBXProject section */
		06D19BCE2ACF3C6A00B770E1 /* Project object */ = {
			isa = PBXProject;
			attributes = {
				BuildIndependentTargetsInParallel = 1;
				LastSwiftUpdateCheck = 1500;
				LastUpgradeCheck = 1500;
				TargetAttributes = {
					06D19BD52ACF3C6A00B770E1 = {
						CreatedOnToolsVersion = 15.0;
					};
				};
			};
			buildConfigurationList = 06D19BD12ACF3C6A00B770E1 /* Build configuration list for PBXProject "PeliculotasSwiftUICoreData" */;
			compatibilityVersion = "Xcode 14.0";
			developmentRegion = en;
			hasScannedForEncodings = 0;
			knownRegions = (
				en,
				Base,
			);
			mainGroup = 06D19BCD2ACF3C6A00B770E1;
			productRefGroup = 06D19BD72ACF3C6A00B770E1 /* Products */;
			projectDirPath = "";
			projectRoot = "";
			targets = (
				06D19BD52ACF3C6A00B770E1 /* PeliculotasSwiftUICoreData */,
			);
		};
/* End PBXProject section */

/* Begin PBXResourcesBuildPhase section */
		06D19BD42ACF3C6A00B770E1 /* Resources */ = {
			isa = PBXResourcesBuildPhase;
			buildActionMask = 2147483647;
			files = (
				06D19BE12ACF3C6D00B770E1 /* Preview Assets.xcassets in Resources */,
				06D19BDE2ACF3C6D00B770E1 /* Assets.xcassets in Resources */,
			);
			runOnlyForDeploymentPostprocessing = 0;
		};
/* End PBXResourcesBuildPhase section */

/* Begin PBXSourcesBuildPhase section */
		06D19BD22ACF3C6A00B770E1 /* Sources */ = {
			isa = PBXSourcesBuildPhase;
			buildActionMask = 2147483647;
			files = (
				06D19BDC2ACF3C6A00B770E1 /* ContentView.swift in Sources */,
				06D19BE92ACF3CE000B770E1 /* ModeloPeliculotas.xcdatamodeld in Sources */,
				06D19BEB2ACF3EBF00B770E1 /* CoreDataManager.swift in Sources */,
				06D19BDA2ACF3C6A00B770E1 /* PeliculotasSwiftUICoreDataApp.swift in Sources */,
			);
			runOnlyForDeploymentPostprocessing = 0;
		};
/* End PBXSourcesBuildPhase section */

/* Begin XCBuildConfiguration section */
		06D19BE22ACF3C6D00B770E1 /* Debug */ = {
			isa = XCBuildConfiguration;
			buildSettings = {
				ALWAYS_SEARCH_USER_PATHS = NO;
				ASSETCATALOG_COMPILER_GENERATE_SWIFT_ASSET_SYMBOL_EXTENSIONS = YES;
				CLANG_ANALYZER_NONNULL = YES;
				CLANG_ANALYZER_NUMBER_OBJECT_CONVERSION = YES_AGGRESSIVE;
				CLANG_CXX_LANGUAGE_STANDARD = "gnu++20";
				CLANG_ENABLE_MODULES = YES;
				CLANG_ENABLE_OBJC_ARC = YES;
				CLANG_ENABLE_OBJC_WEAK = YES;
				CLANG_WARN_BLOCK_CAPTURE_AUTORELEASING = YES;
				CLANG_WARN_BOOL_CONVERSION = YES;
				CLANG_WARN_COMMA = YES;
				CLANG_WARN_CONSTANT_CONVERSION = YES;
				CLANG_WARN_DEPRECATED_OBJC_IMPLEMENTATIONS = YES;
				CLANG_WARN_DIRECT_OBJC_ISA_USAGE = YES_ERROR;
				CLANG_WARN_DOCUMENTATION_COMMENTS = YES;
				CLANG_WARN_EMPTY_BODY = YES;
				CLANG_WARN_ENUM_CONVERSION = YES;
				CLANG_WARN_INFINITE_RECURSION = YES;
				CLANG_WARN_INT_CONVERSION = YES;
				CLANG_WARN_NON_LITERAL_NULL_CONVERSION = YES;
				CLANG_WARN_OBJC_IMPLICIT_RETAIN_SELF = YES;
				CLANG_WARN_OBJC_LITERAL_CONVERSION = YES;
				CLANG_WARN_OBJC_ROOT_CLASS = YES_ERROR;
				CLANG_WARN_QUOTED_INCLUDE_IN_FRAMEWORK_HEADER = YES;
				CLANG_WARN_RANGE_LOOP_ANALYSIS = YES;
				CLANG_WARN_STRICT_PROTOTYPES = YES;
				CLANG_WARN_SUSPICIOUS_MOVE = YES;
				CLANG_WARN_UNGUARDED_AVAILABILITY = YES_AGGRESSIVE;
				CLANG_WARN_UNREACHABLE_CODE = YES;
				CLANG_WARN__DUPLICATE_METHOD_MATCH = YES;
				COPY_PHASE_STRIP = NO;
				DEBUG_INFORMATION_FORMAT = dwarf;
				ENABLE_STRICT_OBJC_MSGSEND = YES;
				ENABLE_TESTABILITY = YES;
				ENABLE_USER_SCRIPT_SANDBOXING = YES;
				GCC_C_LANGUAGE_STANDARD = gnu17;
				GCC_DYNAMIC_NO_PIC = NO;
				GCC_NO_COMMON_BLOCKS = YES;
				GCC_OPTIMIZATION_LEVEL = 0;
				GCC_PREPROCESSOR_DEFINITIONS = (
					"DEBUG=1",
					"$(inherited)",
				);
				GCC_WARN_64_TO_32_BIT_CONVERSION = YES;
				GCC_WARN_ABOUT_RETURN_TYPE = YES_ERROR;
				GCC_WARN_UNDECLARED_SELECTOR = YES;
				GCC_WARN_UNINITIALIZED_AUTOS = YES_AGGRESSIVE;
				GCC_WARN_UNUSED_FUNCTION = YES;
				GCC_WARN_UNUSED_VARIABLE = YES;
				IPHONEOS_DEPLOYMENT_TARGET = 17.0;
				LOCALIZATION_PREFERS_STRING_CATALOGS = YES;
				MTL_ENABLE_DEBUG_INFO = INCLUDE_SOURCE;
				MTL_FAST_MATH = YES;
				ONLY_ACTIVE_ARCH = YES;
				SDKROOT = iphoneos;
				SWIFT_ACTIVE_COMPILATION_CONDITIONS = "DEBUG $(inherited)";
				SWIFT_OPTIMIZATION_LEVEL = "-Onone";
			};
			name = Debug;
		};
		06D19BE32ACF3C6D00B770E1 /* Release */ = {
			isa = XCBuildConfiguration;
			buildSettings = {
				ALWAYS_SEARCH_USER_PATHS = NO;
				ASSETCATALOG_COMPILER_GENERATE_SWIFT_ASSET_SYMBOL_EXTENSIONS = YES;
				CLANG_ANALYZER_NONNULL = YES;
				CLANG_ANALYZER_NUMBER_OBJECT_CONVERSION = YES_AGGRESSIVE;
				CLANG_CXX_LANGUAGE_STANDARD = "gnu++20";
				CLANG_ENABLE_MODULES = YES;
				CLANG_ENABLE_OBJC_ARC = YES;
				CLANG_ENABLE_OBJC_WEAK = YES;
				CLANG_WARN_BLOCK_CAPTURE_AUTORELEASING = YES;
				CLANG_WARN_BOOL_CONVERSION = YES;
				CLANG_WARN_COMMA = YES;
				CLANG_WARN_CONSTANT_CONVERSION = YES;
				CLANG_WARN_DEPRECATED_OBJC_IMPLEMENTATIONS = YES;
				CLANG_WARN_DIRECT_OBJC_ISA_USAGE = YES_ERROR;
				CLANG_WARN_DOCUMENTATION_COMMENTS = YES;
				CLANG_WARN_EMPTY_BODY = YES;
				CLANG_WARN_ENUM_CONVERSION = YES;
				CLANG_WARN_INFINITE_RECURSION = YES;
				CLANG_WARN_INT_CONVERSION = YES;
				CLANG_WARN_NON_LITERAL_NULL_CONVERSION = YES;
				CLANG_WARN_OBJC_IMPLICIT_RETAIN_SELF = YES;
				CLANG_WARN_OBJC_LITERAL_CONVERSION = YES;
				CLANG_WARN_OBJC_ROOT_CLASS = YES_ERROR;
				CLANG_WARN_QUOTED_INCLUDE_IN_FRAMEWORK_HEADER = YES;
				CLANG_WARN_RANGE_LOOP_ANALYSIS = YES;
				CLANG_WARN_STRICT_PROTOTYPES = YES;
				CLANG_WARN_SUSPICIOUS_MOVE = YES;
				CLANG_WARN_UNGUARDED_AVAILABILITY = YES_AGGRESSIVE;
				CLANG_WARN_UNREACHABLE_CODE = YES;
				CLANG_WARN__DUPLICATE_METHOD_MATCH = YES;
				COPY_PHASE_STRIP = NO;
				DEBUG_INFORMATION_FORMAT = "dwarf-with-dsym";
				ENABLE_NS_ASSERTIONS = NO;
				ENABLE_STRICT_OBJC_MSGSEND = YES;
				ENABLE_USER_SCRIPT_SANDBOXING = YES;
				GCC_C_LANGUAGE_STANDARD = gnu17;
				GCC_NO_COMMON_BLOCKS = YES;
				GCC_WARN_64_TO_32_BIT_CONVERSION = YES;
				GCC_WARN_ABOUT_RETURN_TYPE = YES_ERROR;
				GCC_WARN_UNDECLARED_SELECTOR = YES;
				GCC_WARN_UNINITIALIZED_AUTOS = YES_AGGRESSIVE;
				GCC_WARN_UNUSED_FUNCTION = YES;
				GCC_WARN_UNUSED_VARIABLE = YES;
				IPHONEOS_DEPLOYMENT_TARGET = 17.0;
				LOCALIZATION_PREFERS_STRING_CATALOGS = YES;
				MTL_ENABLE_DEBUG_INFO = NO;
				MTL_FAST_MATH = YES;
				SDKROOT = iphoneos;
				SWIFT_COMPILATION_MODE = wholemodule;
				VALIDATE_PRODUCT = YES;
			};
			name = Release;
		};
		06D19BE52ACF3C6D00B770E1 /* Debug */ = {
			isa = XCBuildConfiguration;
			buildSettings = {
				ASSETCATALOG_COMPILER_APPICON_NAME = AppIcon;
				ASSETCATALOG_COMPILER_GLOBAL_ACCENT_COLOR_NAME = AccentColor;
				CODE_SIGN_STYLE = Automatic;
				CURRENT_PROJECT_VERSION = 1;
				DEVELOPMENT_ASSET_PATHS = "\"PeliculotasSwiftUICoreData/Preview Content\"";
				ENABLE_PREVIEWS = YES;
				GENERATE_INFOPLIST_FILE = YES;
				INFOPLIST_KEY_UIApplicationSceneManifest_Generation = YES;
				INFOPLIST_KEY_UIApplicationSupportsIndirectInputEvents = YES;
				INFOPLIST_KEY_UILaunchScreen_Generation = YES;
				INFOPLIST_KEY_UISupportedInterfaceOrientations_iPad = "UIInterfaceOrientationPortrait UIInterfaceOrientationPortraitUpsideDown UIInterfaceOrientationLandscapeLeft UIInterfaceOrientationLandscapeRight";
				INFOPLIST_KEY_UISupportedInterfaceOrientations_iPhone = "UIInterfaceOrientationPortrait UIInterfaceOrientationLandscapeLeft UIInterfaceOrientationLandscapeRight";
				LD_RUNPATH_SEARCH_PATHS = (
					"$(inherited)",
					"@executable_path/Frameworks",
				);
				MARKETING_VERSION = 1.0;
				PRODUCT_BUNDLE_IDENTIFIER = com.irving.PeliculotasSwiftUICoreData;
				PRODUCT_NAME = "$(TARGET_NAME)";
				SWIFT_EMIT_LOC_STRINGS = YES;
				SWIFT_VERSION = 5.0;
				TARGETED_DEVICE_FAMILY = "1,2";
			};
			name = Debug;
		};
		06D19BE62ACF3C6D00B770E1 /* Release */ = {
			isa = XCBuildConfiguration;
			buildSettings = {
				ASSETCATALOG_COMPILER_APPICON_NAME = AppIcon;
				ASSETCATALOG_COMPILER_GLOBAL_ACCENT_COLOR_NAME = AccentColor;
				CODE_SIGN_STYLE = Automatic;
				CURRENT_PROJECT_VERSION = 1;
				DEVELOPMENT_ASSET_PATHS = "\"PeliculotasSwiftUICoreData/Preview Content\"";
				ENABLE_PREVIEWS = YES;
				GENERATE_INFOPLIST_FILE = YES;
				INFOPLIST_KEY_UIApplicationSceneManifest_Generation = YES;
				INFOPLIST_KEY_UIApplicationSupportsIndirectInputEvents = YES;
				INFOPLIST_KEY_UILaunchScreen_Generation = YES;
				INFOPLIST_KEY_UISupportedInterfaceOrientations_iPad = "UIInterfaceOrientationPortrait UIInterfaceOrientationPortraitUpsideDown UIInterfaceOrientationLandscapeLeft UIInterfaceOrientationLandscapeRight";
				INFOPLIST_KEY_UISupportedInterfaceOrientations_iPhone = "UIInterfaceOrientationPortrait UIInterfaceOrientationLandscapeLeft UIInterfaceOrientationLandscapeRight";
				LD_RUNPATH_SEARCH_PATHS = (
					"$(inherited)",
					"@executable_path/Frameworks",
				);
				MARKETING_VERSION = 1.0;
				PRODUCT_BUNDLE_IDENTIFIER = com.irving.PeliculotasSwiftUICoreData;
				PRODUCT_NAME = "$(TARGET_NAME)";
				SWIFT_EMIT_LOC_STRINGS = YES;
				SWIFT_VERSION = 5.0;
				TARGETED_DEVICE_FAMILY = "1,2";
			};
			name = Release;
		};
/* End XCBuildConfiguration section */

/* Begin XCConfigurationList section */
		06D19BD12ACF3C6A00B770E1 /* Build configuration list for PBXProject "PeliculotasSwiftUICoreData" */ = {
			isa = XCConfigurationList;
			buildConfigurations = (
				06D19BE22ACF3C6D00B770E1 /* Debug */,
				06D19BE32ACF3C6D00B770E1 /* Release */,
			);
			defaultConfigurationIsVisible = 0;
			defaultConfigurationName = Release;
		};
		06D19BE42ACF3C6D00B770E1 /* Build configuration list for PBXNativeTarget "PeliculotasSwiftUICoreData" */ = {
			isa = XCConfigurationList;
			buildConfigurations = (
				06D19BE52ACF3C6D00B770E1 /* Debug */,
				06D19BE62ACF3C6D00B770E1 /* Release */,
			);
			defaultConfigurationIsVisible = 0;
			defaultConfigurationName = Release;
		};
/* End XCConfigurationList section */

/* Begin XCVersionGroup section */
		06D19BE72ACF3CDF00B770E1 /* ModeloPeliculotas.xcdatamodeld */ = {
			isa = XCVersionGroup;
			children = (
				06D19BE82ACF3CE000B770E1 /* ModeloPeliculotas.xcdatamodel */,
			);
			currentVersion = 06D19BE82ACF3CE000B770E1 /* ModeloPeliculotas.xcdatamodel */;
			path = ModeloPeliculotas.xcdatamodeld;
			sourceTree = "<group>";
			versionGroupType = wrapper.xcdatamodel;
		};
/* End XCVersionGroup section */
	};
	rootObject = 06D19BCE2ACF3C6A00B770E1 /* Project object */;
}
